
Microsoft Visual Studio Solution File, Format Version 10.00
# Visual Studio 2008
Project("{8BC9CEB8-8B4A-11D0-8D11-00A0C91BC942}") = "asio_server", "asio_server\asio_server.vcproj", "{63C290EB-7BCE-416C-BCD1-FABE76B543A7}"
EndProject
Project("{8BC9CEB8-8B4A-11D0-8D11-00A0C91BC942}") = "asio_client", "asio_client\asio_client.vcproj", "{88097F72-F14C-4144-9832-22D33A1946CA}"
EndProject
Project("{8BC9CEB8-8B4A-11D0-8D11-00A0C91BC942}") = "test_client", "test_client\test_client.vcproj", "{3F7C67A4-0DC1-4CEA-B87E-B158146A64D1}"
EndProject
Project("{8BC9CEB8-8B4A-11D0-8D11-00A0C91BC942}") = "file_server", "file_server\file_server.vcproj", "{2C167A90-0B9D-4077-B14F-D1C8103C6E6F}"
EndProject
Project("{8BC9CEB8-8B4A-11D0-8D11-00A0C91BC942}") = "file_client", "file_client\file_client.vcproj", "{82D50815-A0A7-4B5D-A06A-B36318141321}"
EndProject
Project("{8BC9CEB8-8B4A-11D0-8D11-00A0C91BC942}") = "udp_test", "udp_test\udp_test.vcproj", "{49CB1FE2-FFC4-4650-B4CC-BFDFD5929E42}"
EndProject
Project("{8BC9CEB8-8B4A-11D0-8D11-00A0C91BC942}") = "pingpong_server", "pingpong_server\pingpong_server.vcproj", "{C2951002-BC5C-4D03-BFFE-976BB082BE0C}"
EndProject
Project("{8BC9CEB8-8B4A-11D0-8D11-00A0C91BC942}") = "pingpong_client", "pingpong_client\pingpong_client.vcproj", "{206E3ACC-8444-471D-9488-4F0AF24F97C4}"
EndProject
Project("{8BC9CEB8-8B4A-11D0-8D11-00A0C91BC942}") = "ssl_test", "ssl_test\ssl_test.vcproj", "{88097F72-F14C-4144-9832-22D33A1946CB}"
EndProject
Global
	GlobalSection(SolutionConfigurationPlatforms) = preSolution
		Debug|Win32 = Debug|Win32
		Debug|x64 = Debug|x64
		Release|Win32 = Release|Win32
		Release|x64 = Release|x64
	EndGlobalSection
	GlobalSection(ProjectConfigurationPlatforms) = postSolution
		{63C290EB-7BCE-416C-BCD1-FABE76B543A7}.Debug|Win32.ActiveCfg = Debug|Win32
		{63C290EB-7BCE-416C-BCD1-FABE76B543A7}.Debug|Win32.Build.0 = Debug|Win32
		{63C290EB-7BCE-416C-BCD1-FABE76B543A7}.Debug|x64.ActiveCfg = Debug|x64
		{63C290EB-7BCE-416C-BCD1-FABE76B543A7}.Debug|x64.Build.0 = Debug|x64
		{63C290EB-7BCE-416C-BCD1-FABE76B543A7}.Release|Win32.ActiveCfg = Release|Win32
		{63C290EB-7BCE-416C-BCD1-FABE76B543A7}.Release|Win32.Build.0 = Release|Win32
		{63C290EB-7BCE-416C-BCD1-FABE76B543A7}.Release|x64.ActiveCfg = Release|x64
		{63C290EB-7BCE-416C-BCD1-FABE76B543A7}.Release|x64.Build.0 = Release|x64
		{88097F72-F14C-4144-9832-22D33A1946CA}.Debug|Win32.ActiveCfg = Debug|Win32
		{88097F72-F14C-4144-9832-22D33A1946CA}.Debug|Win32.Build.0 = Debug|Win32
		{88097F72-F14C-4144-9832-22D33A1946CA}.Debug|x64.ActiveCfg = Debug|x64
		{88097F72-F14C-4144-9832-22D33A1946CA}.Debug|x64.Build.0 = Debug|x64
		{88097F72-F14C-4144-9832-22D33A1946CA}.Release|Win32.ActiveCfg = Release|Win32
		{88097F72-F14C-4144-9832-22D33A1946CA}.Release|Win32.Build.0 = Release|Win32
		{88097F72-F14C-4144-9832-22D33A1946CA}.Release|x64.ActiveCfg = Release|x64
		{88097F72-F14C-4144-9832-22D33A1946CA}.Release|x64.Build.0 = Release|x64
		{3F7C67A4-0DC1-4CEA-B87E-B158146A64D1}.Debug|Win32.ActiveCfg = Debug|Win32
		{3F7C67A4-0DC1-4CEA-B87E-B158146A64D1}.Debug|Win32.Build.0 = Debug|Win32
		{3F7C67A4-0DC1-4CEA-B87E-B158146A64D1}.Debug|x64.ActiveCfg = Debug|x64
		{3F7C67A4-0DC1-4CEA-B87E-B158146A64D1}.Debug|x64.Build.0 = Debug|x64
		{3F7C67A4-0DC1-4CEA-B87E-B158146A64D1}.Release|Win32.ActiveCfg = Release|Win32
		{3F7C67A4-0DC1-4CEA-B87E-B158146A64D1}.Release|Win32.Build.0 = Release|Win32
		{3F7C67A4-0DC1-4CEA-B87E-B158146A64D1}.Release|x64.ActiveCfg = Release|x64
		{3F7C67A4-0DC1-4CEA-B87E-B158146A64D1}.Release|x64.Build.0 = Release|x64
		{2C167A90-0B9D-4077-B14F-D1C8103C6E6F}.Debug|Win32.ActiveCfg = Debug|Win32
		{2C167A90-0B9D-4077-B14F-D1C8103C6E6F}.Debug|Win32.Build.0 = Debug|Win32
		{2C167A90-0B9D-4077-B14F-D1C8103C6E6F}.Debug|x64.ActiveCfg = Debug|x64
		{2C167A90-0B9D-4077-B14F-D1C8103C6E6F}.Debug|x64.Build.0 = Debug|x64
		{2C167A90-0B9D-4077-B14F-D1C8103C6E6F}.Release|Win32.ActiveCfg = Release|Win32
		{2C167A90-0B9D-4077-B14F-D1C8103C6E6F}.Release|Win32.Build.0 = Release|Win32
		{2C167A90-0B9D-4077-B14F-D1C8103C6E6F}.Release|x64.ActiveCfg = Release|x64
		{2C167A90-0B9D-4077-B14F-D1C8103C6E6F}.Release|x64.Build.0 = Release|x64
		{82D50815-A0A7-4B5D-A06A-B36318141321}.Debug|Win32.ActiveCfg = Debug|Win32
		{82D50815-A0A7-4B5D-A06A-B36318141321}.Debug|Win32.Build.0 = Debug|Win32
		{82D50815-A0A7-4B5D-A06A-B36318141321}.Debug|x64.ActiveCfg = Debug|x64
		{82D50815-A0A7-4B5D-A06A-B36318141321}.Debug|x64.Build.0 = Debug|x64
		{82D50815-A0A7-4B5D-A06A-B36318141321}.Release|Win32.ActiveCfg = Release|Win32
		{82D50815-A0A7-4B5D-A06A-B36318141321}.Release|Win32.Build.0 = Release|Win32
		{82D50815-A0A7-4B5D-A06A-B36318141321}.Release|x64.ActiveCfg = Release|x64
		{82D50815-A0A7-4B5D-A06A-B36318141321}.Release|x64.Build.0 = Release|x64
		{49CB1FE2-FFC4-4650-B4CC-BFDFD5929E42}.Debug|Win32.ActiveCfg = Debug|Win32
		{49CB1FE2-FFC4-4650-B4CC-BFDFD5929E42}.Debug|Win32.Build.0 = Debug|Win32
		{49CB1FE2-FFC4-4650-B4CC-BFDFD5929E42}.Debug|x64.ActiveCfg = Debug|x64
		{49CB1FE2-FFC4-4650-B4CC-BFDFD5929E42}.Debug|x64.Build.0 = Debug|x64
		{49CB1FE2-FFC4-4650-B4CC-BFDFD5929E42}.Release|Win32.ActiveCfg = Release|Win32
		{49CB1FE2-FFC4-4650-B4CC-BFDFD5929E42}.Release|Win32.Build.0 = Release|Win32
		{49CB1FE2-FFC4-4650-B4CC-BFDFD5929E42}.Release|x64.ActiveCfg = Release|x64
		{49CB1FE2-FFC4-4650-B4CC-BFDFD5929E42}.Release|x64.Build.0 = Release|x64
		{C2951002-BC5C-4D03-BFFE-976BB082BE0C}.Debug|Win32.ActiveCfg = Debug|Win32
		{C2951002-BC5C-4D03-BFFE-976BB082BE0C}.Debug|Win32.Build.0 = Debug|Win32
		{C2951002-BC5C-4D03-BFFE-976BB082BE0C}.Debug|x64.ActiveCfg = Debug|Win32
		{C2951002-BC5C-4D03-BFFE-976BB082BE0C}.Release|Win32.ActiveCfg = Release|Win32
		{C2951002-BC5C-4D03-BFFE-976BB082BE0C}.Release|Win32.Build.0 = Release|Win32
		{C2951002-BC5C-4D03-BFFE-976BB082BE0C}.Release|x64.ActiveCfg = Release|Win32
		{206E3ACC-8444-471D-9488-4F0AF24F97C4}.Debug|Win32.ActiveCfg = Debug|Win32
		{206E3ACC-8444-471D-9488-4F0AF24F97C4}.Debug|Win32.Build.0 = Debug|Win32
		{206E3ACC-8444-471D-9488-4F0AF24F97C4}.Debug|x64.ActiveCfg = Debug|Win32
		{206E3ACC-8444-471D-9488-4F0AF24F97C4}.Release|Win32.ActiveCfg = Release|Win32
		{206E3ACC-8444-471D-9488-4F0AF24F97C4}.Release|Win32.Build.0 = Release|Win32
		{206E3ACC-8444-471D-9488-4F0AF24F97C4}.Release|x64.ActiveCfg = Release|Win32
		{88097F72-F14C-4144-9832-22D33A1946CB}.Debug|Win32.ActiveCfg = Debug|Win32
		{88097F72-F14C-4144-9832-22D33A1946CB}.Debug|Win32.Build.0 = Debug|Win32
		{88097F72-F14C-4144-9832-22D33A1946CB}.Debug|x64.ActiveCfg = Debug|x64
		{88097F72-F14C-4144-9832-22D33A1946CB}.Debug|x64.Build.0 = Debug|x64
		{88097F72-F14C-4144-9832-22D33A1946CB}.Release|Win32.ActiveCfg = Release|Win32
		{88097F72-F14C-4144-9832-22D33A1946CB}.Release|Win32.Build.0 = Release|Win32
		{88097F72-F14C-4144-9832-22D33A1946CB}.Release|x64.ActiveCfg = Release|x64
		{88097F72-F14C-4144-9832-22D33A1946CB}.Release|x64.Build.0 = Release|x64
	EndGlobalSection
	GlobalSection(SolutionProperties) = preSolution
		HideSolutionNode = FALSE
	EndGlobalSection
EndGlobal
